
Microsoft Visual Studio Solution File, Format Version 12.00
# Visual Studio 2013
VisualStudioVersion = 12.0.21005.1
MinimumVisualStudioVersion = 10.0.40219.1
Project("{FAE04EC0-301F-11D3-BF4B-00C04F79EFBC}") = "GraphAlgorithms", "GraphAlgorithms\GraphAlgorithms.csproj", "{419776B1-B6DE-42EB-B9BE-5BF7534B542D}"
EndProject
Global
	GlobalSection(SolutionConfigurationPlatforms) = preSolution
		Debug|Any CPU = Debug|Any CPU
		Release|Any CPU = Release|Any CPU
	EndGlobalSection
	GlobalSection(ProjectConfigurationPlatforms) = postSolution
		{419776B1-B6DE-42EB-B9BE-5BF7534B542D}.Debug|Any CPU.ActiveCfg = Debug|Any CPU
		{419776B1-B6DE-42EB-B9BE-5BF7534B542D}.Debug|Any CPU.Build.0 = Debug|Any CPU
		{419776B1-B6DE-42EB-B9BE-5BF7534B542D}.Release|Any CPU.ActiveCfg = Release|Any CPU
		{419776B1-B6DE-42EB-B9BE-5BF7534B542D}.Release|Any CPU.Build.0 = Release|Any CPU
	EndGlobalSection
	GlobalSection(SolutionProperties) = preSolution
		HideSolutionNode = FALSE
	EndGlobalSection
EndGlobal
